Microsoft Visual Studio Solution File, Format Version 12.00
# Visual Studio Version 17
VisualStudioVersion = 17.5.2.0
MinimumVisualStudioVersion = 10.0.40219.1
Project("{FAE04EC0-301F-11D3-BF4B-00C04F79EFBC}") = "MyFirstMiddlewareC#", "MyFirstMiddlewareC#.csproj", "{3DF586E9-DB83-DCF4-73B8-1B904EB9DAD7}"
EndProject
Global
	GlobalSection(SolutionConfigurationPlatforms) = preSolution
		Debug|Any CPU = Debug|Any CPU
		Release|Any CPU = Release|Any CPU
	EndGlobalSection
	GlobalSection(ProjectConfigurationPlatforms) = postSolution
		{3DF586E9-DB83-DCF4-73B8-1B904EB9DAD7}.Debug|Any CPU.ActiveCfg = Debug|Any CPU
		{3DF586E9-DB83-DCF4-73B8-1B904EB9DAD7}.Debug|Any CPU.Build.0 = Debug|Any CPU
		{3DF586E9-DB83-DCF4-73B8-1B904EB9DAD7}.Release|Any CPU.ActiveCfg = Release|Any CPU
		{3DF586E9-DB83-DCF4-73B8-1B904EB9DAD7}.Release|Any CPU.Build.0 = Release|Any CPU
	EndGlobalSection
	GlobalSection(SolutionProperties) = preSolution
		HideSolutionNode = FALSE
	EndGlobalSection
	GlobalSection(ExtensibilityGlobals) = postSolution
		SolutionGuid = {9156DCCA-1D99-4CC2-8129-BC6EC8E6F711}
	EndGlobalSection
EndGlobal
